// !$*UTF8*$!
{
	archiveVersion = 1;
	classes = {
	};
	objectVersion = 46;
	objects = {

/* Begin PBXBuildFile section */
		D3F3CACB1A72DABC002BAD89 /* AppDelegate.swift in Sources */ = {isa = PBXBuildFile; fileRef = D3F3CACA1A72DABC002BAD89 /* AppDelegate.swift */; };
		D3F3CACD1A72DABC002BAD89 /* ViewController.swift in Sources */ = {isa = PBXBuildFile; fileRef = D3F3CACC1A72DABC002BAD89 /* ViewController.swift */; };
		D3F3CAD01A72DABC002BAD89 /* Main.storyboard in Resources */ = {isa = PBXBuildFile; fileRef = D3F3CACE1A72DABC002BAD89 /* Main.storyboard */; };
		D3F3CAD21A72DABC002BAD89 /* Images.xcassets in Resources */ = {isa = PBXBuildFile; fileRef = D3F3CAD11A72DABC002BAD89 /* Images.xcassets */; };
		D3F3CAD51A72DABC002BAD89 /* LaunchScreen.xib in Resources */ = {isa = PBXBuildFile; fileRef = D3F3CAD31A72DABC002BAD89 /* LaunchScreen.xib */; };
		D3F3CAE11A72DABC002BAD89 /* PostcardTests.swift in Sources */ = {isa = PBXBuildFile; fileRef = D3F3CAE01A72DABC002BAD89 /* PostcardTests.swift */; };
/* End PBXBuildFile section */

/* Begin PBXContainerItemProxy section */
		D3F3CADB1A72DABC002BAD89 /* PBXContainerItemProxy */ = {
			isa = PBXContainerItemProxy;
			containerPortal = D3F3CABD1A72DABC002BAD89 /* Project object */;
			proxyType = 1;
			remoteGlobalIDString = D3F3CAC41A72DABC002BAD89;
			remoteInfo = Postcard;
		};
/* End PBXContainerItemProxy section */

/* Begin PBXFileReference section */
		D3F3CAC51A72DABC002BAD89 /* Postcard.app */ = {isa = PBXFileReference; explicitFileType = wrapper.application; includeInIndex = 0; path = Postcard.app; sourceTree = BUILT_PRODUCTS_DIR; };
		D3F3CAC91A72DABC002BAD89 /* Info.plist */ = {isa = PBXFileReference; lastKnownFileType = text.plist.xml; path = Info.plist; sourceTree = "<group>"; };
		D3F3CACA1A72DABC002BAD89 /* AppDelegate.swift */ = {isa = PBXFileReference; lastKnownFileType = sourcecode.swift; path = AppDelegate.swift; sourceTree = "<group>"; };
		D3F3CACC1A72DABC002BAD89 /* ViewController.swift */ = {isa = PBXFileReference; lastKnownFileType = sourcecode.swift; path = ViewController.swift; sourceTree = "<group>"; };
		D3F3CACF1A72DABC002BAD89 /* Base */ = {isa = PBXFileReference; lastKnownFileType = file.storyboard; name = Base; path = Base.lproj/Main.storyboard; sourceTree = "<group>"; };
		D3F3CAD11A72DABC002BAD89 /* Images.xcassets */ = {isa = PBXFileReference; lastKnownFileType = folder.assetcatalog; path = Images.xcassets; sourceTree = "<group>"; };
		D3F3CAD41A72DABC002BAD89 /* Base */ = {isa = PBXFileReference; lastKnownFileType = file.xib; name = Base; path = Base.lproj/LaunchScreen.xib; sourceTree = "<group>"; };
		D3F3CADA1A72DABC002BAD89 /* PostcardTests.xctest */ = {isa = PBXFileReference; explicitFileType = wrapper.cfbundle; includeInIndex = 0; path = PostcardTests.xctest; sourceTree = BUILT_PRODUCTS_DIR; };
		D3F3CADF1A72DABC002BAD89 /* Info.plist */ = {isa = PBXFileReference; lastKnownFileType = text.plist.xml; path = Info.plist; sourceTree = "<group>"; };
		D3F3CAE01A72DABC002BAD89 /* PostcardTests.swift */ = {isa = PBXFileReference; lastKnownFileType = sourcecode.swift; path = PostcardTests.swift; sourceTree = "<group>"; };
/* End PBXFileReference section */

/* Begin PBXFrameworksBuildPhase section */
		D3F3CAC21A72DABC002BAD89 /* Frameworks */ = {
			isa = PBXFrameworksBuildPhase;
			buildActionMask = 2147483647;
			files = (
			);
			runOnlyForDeploymentPostprocessing = 0;
		};
		D3F3CAD71A72DABC002BAD89 /* Frameworks */ = {
			isa = PBXFrameworksBuildPhase;
			buildActionMask = 2147483647;
			files = (
			);
			runOnlyForDeploymentPostprocessing = 0;
		};
/* End PBXFrameworksBuildPhase section */

/* Begin PBXGroup section */
		D3F3CABC1A72DABC002BAD89 = {
			isa = PBXGroup;
			children = (
				D3F3CAC71A72DABC002BAD89 /* Postcard */,
				D3F3CADD1A72DABC002BAD89 /* PostcardTests */,
				D3F3CAC61A72DABC002BAD89 /* Products */,
			);
			sourceTree = "<group>";
		};
		D3F3CAC61A72DABC002BAD89 /* Products */ = {
			isa = PBXGroup;
			children = (
				D3F3CAC51A72DABC002BAD89 /* Postcard.app */,
				D3F3CADA1A72DABC002BAD89 /* PostcardTests.xctest */,
			);
			name = Products;
			sourceTree = "<group>";
		};
		D3F3CAC71A72DABC002BAD89 /* Postcard */ = {
			isa = PBXGroup;
			children = (
				D3F3CACA1A72DABC002BAD89 /* AppDelegate.swift */,
				D3F3CACC1A72DABC002BAD89 /* ViewController.swift */,
				D3F3CACE1A72DABC002BAD89 /* Main.storyboard */,
				D3F3CAD11A72DABC002BAD89 /* Images.xcassets */,
				D3F3CAD31A72DABC002BAD89 /* LaunchScreen.xib */,
				D3F3CAC81A72DABC002BAD89 /* Supporting Files */,
			);
			path = Postcard;
			sourceTree = "<group>";
		};
		D3F3CAC81A72DABC002BAD89 /* Supporting Files */ = {
			isa = PBXGroup;
			children = (
				D3F3CAC91A72DABC002BAD89 /* Info.plist */,
			);
			name = "Supporting Files";
			sourceTree = "<group>";
		};
		D3F3CADD1A72DABC002BAD89 /* PostcardTests */ = {
			isa = PBXGroup;
			children = (
				D3F3CAE01A72DABC002BAD89 /* PostcardTests.swift */,
				D3F3CADE1A72DABC002BAD89 /* Supporting Files */,
			);
			path = PostcardTests;
			sourceTree = "<group>";
		};
		D3F3CADE1A72DABC002BAD89 /* Supporting Files */ = {
			isa = PBXGroup;
			children = (
				D3F3CADF1A72DABC002BAD89 /* Info.plist */,
			);
			name = "Supporting Files";
			sourceTree = "<group>";
		};
/* End PBXGroup section */

/* Begin PBXNativeTarget section */
		D3F3CAC41A72DABC002BAD89 /* Postcard */ = {
			isa = PBXNativeTarget;
			buildConfigurationList = D3F3CAE41A72DABC002BAD89 /* Build configuration list for PBXNativeTarget "Postcard" */;
			buildPhases = (
				D3F3CAC11A72DABC002BAD89 /* Sources */,
				D3F3CAC21A72DABC002BAD89 /* Frameworks */,
				D3F3CAC31A72DABC002BAD89 /* Resources */,
			);
			buildRules = (
			);
			dependencies = (
			);
			name = Postcard;
			productName = Postcard;
			productReference = D3F3CAC51A72DABC002BAD89 /* Postcard.app */;
			productType = "com.apple.product-type.application";
		};
		D3F3CAD91A72DABC002BAD89 /* PostcardTests */ = {
			isa = PBXNativeTarget;
			buildConfigurationList = D3F3CAE71A72DABC002BAD89 /* Build configuration list for PBXNativeTarget "PostcardTests" */;
			buildPhases = (
				D3F3CAD61A72DABC002BAD89 /* Sources */,
				D3F3CAD71A72DABC002BAD89 /* Frameworks */,
				D3F3CAD81A72DABC002BAD89 /* Resources */,
			);
			buildRules = (
			);
			dependencies = (
				D3F3CADC1A72DABC002BAD89 /* PBXTargetDependency */,
			);
			name = PostcardTests;
			productName = PostcardTests;
			productReference = D3F3CADA1A72DABC002BAD89 /* PostcardTests.xctest */;
			productType = "com.apple.product-type.bundle.unit-test";
		};
/* End PBXNativeTarget section */

/* Begin PBXProject section */
		D3F3CABD1A72DABC002BAD89 /* Project object */ = {
			isa = PBXProject;
			attributes = {
				LastUpgradeCheck = 0610;
				ORGANIZATIONNAME = "Brian Canty";
				TargetAttributes = {
					D3F3CAC41A72DABC002BAD89 = {
						CreatedOnToolsVersion = 6.1.1;
					};
					D3F3CAD91A72DABC002BAD89 = {
						CreatedOnToolsVersion = 6.1.1;
						TestTargetID = D3F3CAC41A72DABC002BAD89;
					};
				};
			};
			buildConfigurationList = D3F3CAC01A72DABC002BAD89 /* Build configuration list for PBXProject "Postcard" */;
			compatibilityVersion = "Xcode 3.2";
			developmentRegion = English;
			hasScannedForEncodings = 0;
			knownRegions = (
				en,
				Base,
			);
			mainGroup = D3F3CABC1A72DABC002BAD89;
			productRefGroup = D3F3CAC61A72DABC002BAD89 /* Products */;
			projectDirPath = "";
			projectRoot = "";
			targets = (
				D3F3CAC41A72DABC002BAD89 /* Postcard */,
				D3F3CAD91A72DABC002BAD89 /* PostcardTests */,
			);
		};
/* End PBXProject section */

/* Begin PBXResourcesBuildPhase section */
		D3F3CAC31A72DABC002BAD89 /* Resources */ = {
			isa = PBXResourcesBuildPhase;
			buildActionMask = 2147483647;
			files = (
				D3F3CAD01A72DABC002BAD89 /* Main.storyboard in Resources */,
				D3F3CAD51A72DABC002BAD89 /* LaunchScreen.xib in Resources */,
				D3F3CAD21A72DABC002BAD89 /* Images.xcassets in Resources */,
			);
			runOnlyForDeploymentPostprocessing = 0;
		};
		D3F3CAD81A72DABC002BAD89 /* Resources */ = {
			isa = PBXResourcesBuildPhase;
			buildActionMask = 2147483647;
			files = (
			);
			runOnlyForDeploymentPostprocessing = 0;
		};
/* End PBXResourcesBuildPhase section */

/* Begin PBXSourcesBuildPhase section */
		D3F3CAC11A72DABC002BAD89 /* Sources */ = {
			isa = PBXSourcesBuildPhase;
			buildActionMask = 2147483647;
			files = (
				D3F3CACD1A72DABC002BAD89 /* ViewController.swift in Sources */,
				D3F3CACB1A72DABC002BAD89 /* AppDelegate.swift in Sources */,
			);
			runOnlyForDeploymentPostprocessing = 0;
		};
		D3F3CAD61A72DABC002BAD89 /* Sources */ = {
			isa = PBXSourcesBuildPhase;
			buildActionMask = 2147483647;
			files = (
				D3F3CAE11A72DABC002BAD89 /* PostcardTests.swift in Sources */,
			);
			runOnlyForDeploymentPostprocessing = 0;
		};
/* End PBXSourcesBuildPhase section */

/* Begin PBXTargetDependency section */
		D3F3CADC1A72DABC002BAD89 /* PBXTargetDependency */ = {
			isa = PBXTargetDependency;
			target = D3F3CAC41A72DABC002BAD89 /* Postcard */;
			targetProxy = D3F3CADB1A72DABC002BAD89 /* PBXContainerItemProxy */;
		};
/* End PBXTargetDependency section */

/* Begin PBXVariantGroup section */
		D3F3CACE1A72DABC002BAD89 /* Main.storyboard */ = {
			isa = PBXVariantGroup;
			children = (
				D3F3CACF1A72DABC002BAD89 /* Base */,
			);
			name = Main.storyboard;
			sourceTree = "<group>";
		};
		D3F3CAD31A72DABC002BAD89 /* LaunchScreen.xib */ = {
			isa = PBXVariantGroup;
			children = (
				D3F3CAD41A72DABC002BAD89 /* Base */,
			);
			name = LaunchScreen.xib;
			sourceTree = "<group>";
		};
/* End PBXVariantGroup section */

/* Begin XCBuildConfiguration section */
		D3F3CAE21A72DABC002BAD89 /* Debug */ = {
			isa = XCBuildConfiguration;
			buildSettings = {
				ALWAYS_SEARCH_USER_PATHS = NO;
				CLANG_CXX_LANGUAGE_STANDARD = "gnu++0x";
				CLANG_CXX_LIBRARY = "libc++";
				CLANG_ENABLE_MODULES = YES;
				CLANG_ENABLE_OBJC_ARC = YES;
				CLANG_WARN_BOOL_CONVERSION = YES;
				CLANG_WARN_CONSTANT_CONVERSION = YES;
				CLANG_WARN_DIRECT_OBJC_ISA_USAGE = YES_ERROR;
				CLANG_WARN_EMPTY_BODY = YES;
				CLANG_WARN_ENUM_CONVERSION = YES;
				CLANG_WARN_INT_CONVERSION = YES;
				CLANG_WARN_OBJC_ROOT_CLASS = YES_ERROR;
				CLANG_WARN_UNREACHABLE_CODE = YES;
				CLANG_WARN__DUPLICATE_METHOD_MATCH = YES;
				"CODE_SIGN_IDENTITY[sdk=iphoneos*]" = "iPhone Developer";
				COPY_PHASE_STRIP = NO;
				ENABLE_STRICT_OBJC_MSGSEND = YES;
				GCC_C_LANGUAGE_STANDARD = gnu99;
				GCC_DYNAMIC_NO_PIC = NO;
				GCC_OPTIMIZATION_LEVEL = 0;
				GCC_PREPROCESSOR_DEFINITIONS = (
					"DEBUG=1",
					"$(inherited)",
				);
				GCC_SYMBOLS_PRIVATE_EXTERN = NO;
				GCC_WARN_64_TO_32_BIT_CONVERSION = YES;
				GCC_WARN_ABOUT_RETURN_TYPE = YES_ERROR;
				GCC_WARN_UNDECLARED_SELECTOR = YES;
				GCC_WARN_UNINITIALIZED_AUTOS = YES_AGGRESSIVE;
				GCC_WARN_UNUSED_FUNCTION = YES;
				GCC_WARN_UNUSED_VARIABLE = YES;
				IPHONEOS_DEPLOYMENT_TARGET = 8.1;
				MTL_ENABLE_DEBUG_INFO = YES;
				ONLY_ACTIVE_ARCH = YES;
				SDKROOT = iphoneos;
				SWIFT_OPTIMIZATION_LEVEL = "-Onone";
				TARGETED_DEVICE_FAMILY = "1,2";
			};
			name = Debug;
		};
		D3F3CAE31A72DABC002BAD89 /* Release */ = {
			isa = XCBuildConfiguration;
			buildSettings = {
				ALWAYS_SEARCH_USER_PATHS = NO;
				CLANG_CXX_LANGUAGE_STANDARD = "gnu++0x";
				CLANG_CXX_LIBRARY = "libc++";
				CLANG_ENABLE_MODULES = YES;
				CLANG_ENABLE_OBJC_ARC = YES;
				CLANG_WARN_BOOL_CONVERSION = YES;
				CLANG_WARN_CONSTANT_CONVERSION = YES;
				CLANG_WARN_DIRECT_OBJC_ISA_USAGE = YES_ERROR;
				CLANG_WARN_EMPTY_BODY = YES;
				CLANG_WARN_ENUM_CONVERSION = YES;
				CLANG_WARN_INT_CONVERSION = YES;
				CLANG_WARN_OBJC_ROOT_CLASS = YES_ERROR;
				CLANG_WARN_UNREACHABLE_CODE = YES;
				CLANG_WARN__DUPLICATE_METHOD_MATCH = YES;
				"CODE_SIGN_IDENTITY[sdk=iphoneos*]" = "iPhone Developer";
				COPY_PHASE_STRIP = YES;
				ENABLE_NS_ASSERTIONS = NO;
				ENABLE_STRICT_OBJC_MSGSEND = YES;
				GCC_C_LANGUAGE_STANDARD = gnu99;
				GCC_WARN_64_TO_32_BIT_CONVERSION = YES;
				GCC_WARN_ABOUT_RETURN_TYPE = YES_ERROR;
				GCC_WARN_UNDECLARED_SELECTOR = YES;
				GCC_WARN_UNINITIALIZED_AUTOS = YES_AGGRESSIVE;
				GCC_WARN_UNUSED_FUNCTION = YES;
				GCC_WARN_UNUSED_VARIABLE = YES;
				IPHONEOS_DEPLOYMENT_TARGET = 8.1;
				MTL_ENABLE_DEBUG_INFO = NO;
				SDKROOT = iphoneos;
				TARGETED_DEVICE_FAMILY = "1,2";
				VALIDATE_PRODUCT = YES;
			};
			name = Release;
		};
		D3F3CAE51A72DABC002BAD89 /* Debug */ = {
			isa = XCBuildConfiguration;
			buildSettings = {
				ASSETCATALOG_COMPILER_APPICON_NAME = AppIcon;
				INFOPLIST_FILE = Postcard/Info.plist;
				LD_RUNPATH_SEARCH_PATHS = "$(inherited) @executable_path/Frameworks";
				PRODUCT_NAME = "$(TARGET_NAME)";
			};
			name = Debug;
		};
		D3F3CAE61A72DABC002BAD89 /* Release */ = {
			isa = XCBuildConfiguration;
			buildSettings = {
				ASSETCATALOG_COMPILER_APPICON_NAME = AppIcon;
				INFOPLIST_FILE = Postcard/Info.plist;
				LD_RUNPATH_SEARCH_PATHS = "$(inherited) @executable_path/Frameworks";
				PRODUCT_NAME = "$(TARGET_NAME)";
			};
			name = Release;
		};
		D3F3CAE81A72DABC002BAD89 /* Debug */ = {
			isa = XCBuildConfiguration;
			buildSettings = {
				BUNDLE_LOADER = "$(TEST_HOST)";
				FRAMEWORK_SEARCH_PATHS = (
					"$(SDKROOT)/Developer/Library/Frameworks",
					"$(inherited)",
				);
				GCC_PREPROCESSOR_DEFINITIONS = (
					"DEBUG=1",
					"$(inherited)",
				);
				INFOPLIST_FILE = PostcardTests/Info.plist;
				LD_RUNPATH_SEARCH_PATHS = "$(inherited) @executable_path/Frameworks @loader_path/Frameworks";
				PRODUCT_NAME = "$(TARGET_NAME)";
				TEST_HOST = "$(BUILT_PRODUCTS_DIR)/Postcard.app/Postcard";
			};
			name = Debug;
		};
		D3F3CAE91A72DABC002BAD89 /* Release */ = {
			isa = XCBuildConfiguration;
			buildSettings = {
				BUNDLE_LOADER = "$(TEST_HOST)";
				FRAMEWORK_SEARCH_PATHS = (
					"$(SDKROOT)/Developer/Library/Frameworks",
					"$(inherited)",
				);
				INFOPLIST_FILE = PostcardTests/Info.plist;
				LD_RUNPATH_SEARCH_PATHS = "$(inherited) @executable_path/Frameworks @loader_path/Frameworks";
				PRODUCT_NAME = "$(TARGET_NAME)";
				TEST_HOST = "$(BUILT_PRODUCTS_DIR)/Postcard.app/Postcard";
			};
			name = Release;
		};
/* End XCBuildConfiguration section */

/* Begin XCConfigurationList section */
		D3F3CAC01A72DABC002BAD89 /* Build configuration list for PBXProject "Postcard" */ = {
			isa = XCConfigurationList;
			buildConfigurations = (
				D3F3CAE21A72DABC002BAD89 /* Debug */,
				D3F3CAE31A72DABC002BAD89 /* Release */,
			);
			defaultConfigurationIsVisible = 0;
			defaultConfigurationName = Release;
		};
		D3F3CAE41A72DABC002BAD89 /* Build configuration list for PBXNativeTarget "Postcard" */ = {
			isa = XCConfigurationList;
			buildConfigurations = (
				D3F3CAE51A72DABC002BAD89 /* Debug */,
				D3F3CAE61A72DABC002BAD89 /* Release */,
			);
			defaultConfigurationIsVisible = 0;
		};
		D3F3CAE71A72DABC002BAD89 /* Build configuration list for PBXNativeTarget "PostcardTests" */ = {
			isa = XCConfigurationList;
			buildConfigurations = (
				D3F3CAE81A72DABC002BAD89 /* Debug */,
				D3F3CAE91A72DABC002BAD89 /* Release */,
			);
			defaultConfigurationIsVisible = 0;
		};
/* End XCConfigurationList section */
	};
	rootObject = D3F3CABD1A72DABC002BAD89 /* Project object */;
}
